
Microsoft Visual Studio Solution File, Format Version 12.00
# Visual Studio Version 16
VisualStudioVersion = 16.0.31321.278
MinimumVisualStudioVersion = 10.0.40219.1
Project("{FAE04EC0-301F-11D3-BF4B-00C04F79EFBC}") = "SuMueble", "SuMueble\SuMueble.csproj", "{7DC039C6-E6CA-4E04-9095-DA0786A9E3F9}"
EndProject
Global
	GlobalSection(SolutionConfigurationPlatforms) = preSolution
		Debug|Any CPU = Debug|Any CPU
		Release|Any CPU = Release|Any CPU
	EndGlobalSection
	GlobalSection(ProjectConfigurationPlatforms) = postSolution
		{7DC039C6-E6CA-4E04-9095-DA0786A9E3F9}.Debug|Any CPU.ActiveCfg = Debug|Any CPU
		{7DC039C6-E6CA-4E04-9095-DA0786A9E3F9}.Debug|Any CPU.Build.0 = Debug|Any CPU
		{7DC039C6-E6CA-4E04-9095-DA0786A9E3F9}.Release|Any CPU.ActiveCfg = Release|Any CPU
		{7DC039C6-E6CA-4E04-9095-DA0786A9E3F9}.Release|Any CPU.Build.0 = Release|Any CPU
	EndGlobalSection
	GlobalSection(SolutionProperties) = preSolution
		HideSolutionNode = FALSE
	EndGlobalSection
	GlobalSection(ExtensibilityGlobals) = postSolution
		SolutionGuid = {D25558B3-2512-40F3-8E02-AC61D37F3576}
	EndGlobalSection
EndGlobal
